{
  "name": "@tiddlywiki/auth",
  "version": "0.1.0",
  "lockfileVersion": 3,
  "requires": true,
  "packages": {
    "": {
      "name": "@tiddlywiki/auth",
      "version": "0.1.0",
      "dependencies": {
        "@tiddlywiki/mws-prisma": "file:../prisma",
        "@tiddlywiki/server": "file:../server"
      },
      "devDependencies": {},
      "engines": {
        "node": ">=18"
      }
    },
    "../../tiddlywiki-types": {
      "name": "@types/tiddlywiki",
      "extraneous": true
    },
    "../prisma": {
      "name": "@tiddlywiki/mws-prisma",
      "version": "0.1.0",
      "devDependencies": {},
      "engines": {
        "node": ">=18"
      }
    },
    "../server": {
      "name": "@tiddlywiki/server",
      "version": "0.1.0",
      "devDependencies": {
        "@types/bytes": "^3.1.5",
        "@types/compression": "^1.8.0",
        "@types/debug": "^4.1.12",
        "@types/mime-types": "^2.1.4",
        "@types/negotiator": "^0.6.3",
        "@types/node": "^22.13.1",
        "@types/send": "^0.17.4",
        "bytes": "^3.1.2",
        "chalk": "^5.4.1",
        "commander": "13.1.0",
        "compressible": "^2.0.18",
        "compression": "^1.8.0",
        "debug": "^4.4.1",
        "helmet": "^8.1.0",
        "mime-types": "^2.1.35",
        "negotiator": "^1.0.0",
        "send": "^1.2.0",
        "source-map-support": "^0.5.21",
        "supports-color": "^10.0.0",
        "try": "^1.0.0-beta.5",
        "uuid": "^11.1.0",
        "vary": "^1.1.2",
        "zod": "^3.25.49",
        "zod-validation-error": "^3.4.1"
      },
      "engines": {
        "node": ">=18"
      }
    },
    "node_modules/@tiddlywiki/mws-prisma": {
      "resolved": "../prisma",
      "link": true
    },
    "node_modules/@tiddlywiki/server": {
      "resolved": "../server",
      "link": true
    },
    "tiddlywiki-types": {
      "extraneous": true
    }
  }
}
